// !$*UTF8*$!
{
	archiveVersion = 1;
	classes = {
	};
	objectVersion = 55;
	objects = {

/* Begin PBXBuildFile section */
		1DC1D9A0A885BF7C36A4AC17 /* Pods_FirebaseMessengerTests.framework in Frameworks */ = {isa = PBXBuildFile; fileRef = E52087645E444CDA596E1CE5 /* Pods_FirebaseMessengerTests.framework */; };
		29B3DD4CF050A0AC245E13CE /* Pods_FirebaseMessenger_FirebaseMessengerUITests.framework in Frameworks */ = {isa = PBXBuildFile; fileRef = F18F6E11FB19370B3102B9CA /* Pods_FirebaseMessenger_FirebaseMessengerUITests.framework */; };
		707072096E480051305DF7D0 /* Pods_FirebaseMessenger.framework in Frameworks */ = {isa = PBXBuildFile; fileRef = 658F324ED4F3133D2CD7DE7C /* Pods_FirebaseMessenger.framework */; };
		AB16CE992767CAC800038D4F /* Extensions.swift in Sources */ = {isa = PBXBuildFile; fileRef = AB16CE982767CAC800038D4F /* Extensions.swift */; };
		AB1B4AFA27679587009B68F7 /* LoginViewController.swift in Sources */ = {isa = PBXBuildFile; fileRef = AB1B4AF927679587009B68F7 /* LoginViewController.swift */; };
		AB1B4AFC276795C3009B68F7 /* RegisterViewController.swift in Sources */ = {isa = PBXBuildFile; fileRef = AB1B4AFB276795C3009B68F7 /* RegisterViewController.swift */; };
		AB1B4AFE2767960D009B68F7 /* PhotoViewerViewController.swift in Sources */ = {isa = PBXBuildFile; fileRef = AB1B4AFD2767960D009B68F7 /* PhotoViewerViewController.swift */; };
		AB1B4B0027679647009B68F7 /* VideoPlayerViewController.swift in Sources */ = {isa = PBXBuildFile; fileRef = AB1B4AFF27679647009B68F7 /* VideoPlayerViewController.swift */; };
		AB1B4B022767967A009B68F7 /* NewConversationViewController.swift in Sources */ = {isa = PBXBuildFile; fileRef = AB1B4B012767967A009B68F7 /* NewConversationViewController.swift */; };
		AB1B4B04276796A2009B68F7 /* ProfileViewController.swift in Sources */ = {isa = PBXBuildFile; fileRef = AB1B4B03276796A2009B68F7 /* ProfileViewController.swift */; };
		AB1DB4E9279B2D1600F43D91 /* StorageManager.swift in Sources */ = {isa = PBXBuildFile; fileRef = AB1DB4E8279B2D1600F43D91 /* StorageManager.swift */; };
		AB454007276CDFA7005B8A10 /* DatabaseManager.swift in Sources */ = {isa = PBXBuildFile; fileRef = AB454006276CDFA6005B8A10 /* DatabaseManager.swift */; };
		AB4EB8C72799FEB200B7DEC6 /* ChatViewController.swift in Sources */ = {isa = PBXBuildFile; fileRef = AB4EB8C62799FEB200B7DEC6 /* ChatViewController.swift */; };
		ABB68BF6279C872E00513F64 /* GoogleService-Info.plist in Resources */ = {isa = PBXBuildFile; fileRef = ABB68BF5279C872E00513F64 /* GoogleService-Info.plist */; };
		ABF830402767906C00D4655F /* AppDelegate.swift in Sources */ = {isa = PBXBuildFile; fileRef = ABF8303F2767906C00D4655F /* AppDelegate.swift */; };
		ABF830422767906C00D4655F /* SceneDelegate.swift in Sources */ = {isa = PBXBuildFile; fileRef = ABF830412767906C00D4655F /* SceneDelegate.swift */; };
		ABF830442767906C00D4655F /* ConversationsViewController.swift in Sources */ = {isa = PBXBuildFile; fileRef = ABF830432767906C00D4655F /* ConversationsViewController.swift */; };
		ABF830472767906C00D4655F /* Main.storyboard in Resources */ = {isa = PBXBuildFile; fileRef = ABF830452767906C00D4655F /* Main.storyboard */; };
		ABF830492767906F00D4655F /* Assets.xcassets in Resources */ = {isa = PBXBuildFile; fileRef = ABF830482767906F00D4655F /* Assets.xcassets */; };
		ABF8304C2767906F00D4655F /* LaunchScreen.storyboard in Resources */ = {isa = PBXBuildFile; fileRef = ABF8304A2767906F00D4655F /* LaunchScreen.storyboard */; };
		ABF830572767907000D4655F /* FirebaseMessengerTests.swift in Sources */ = {isa = PBXBuildFile; fileRef = ABF830562767907000D4655F /* FirebaseMessengerTests.swift */; };
		ABF830612767907000D4655F /* FirebaseMessengerUITests.swift in Sources */ = {isa = PBXBuildFile; fileRef = ABF830602767907000D4655F /* FirebaseMessengerUITests.swift */; };
		ABF830632767907100D4655F /* FirebaseMessengerUITestsLaunchTests.swift in Sources */ = {isa = PBXBuildFile; fileRef = ABF830622767907100D4655F /* FirebaseMessengerUITestsLaunchTests.swift */; };
/* End PBXBuildFile section */

/* Begin PBXContainerItemProxy section */
		ABF830532767907000D4655F /* PBXContainerItemProxy */ = {
			isa = PBXContainerItemProxy;
			containerPortal = ABF830342767906C00D4655F /* Project object */;
			proxyType = 1;
			remoteGlobalIDString = ABF8303B2767906C00D4655F;
			remoteInfo = FirebaseMessenger;
		};
		ABF8305D2767907000D4655F /* PBXContainerItemProxy */ = {
			isa = PBXContainerItemProxy;
			containerPortal = ABF830342767906C00D4655F /* Project object */;
			proxyType = 1;
			remoteGlobalIDString = ABF8303B2767906C00D4655F;
			remoteInfo = FirebaseMessenger;
		};
/* End PBXContainerItemProxy section */

/* Begin PBXFileReference section */
		024D63056E588538875E40F7 /* Pods-FirebaseMessengerTests.release.xcconfig */ = {isa = PBXFileReference; includeInIndex = 1; lastKnownFileType = text.xcconfig; name = "Pods-FirebaseMessengerTests.release.xcconfig"; path = "Target Support Files/Pods-FirebaseMessengerTests/Pods-FirebaseMessengerTests.release.xcconfig"; sourceTree = "<group>"; };
		1CDE26B5ECA957BD770E3D77 /* Pods-FirebaseMessenger.release.xcconfig */ = {isa = PBXFileReference; includeInIndex = 1; lastKnownFileType = text.xcconfig; name = "Pods-FirebaseMessenger.release.xcconfig"; path = "Target Support Files/Pods-FirebaseMessenger/Pods-FirebaseMessenger.release.xcconfig"; sourceTree = "<group>"; };
		2CA3127F57A86D1AF4B70266 /* Pods-FirebaseMessenger-FirebaseMessengerUITests.release.xcconfig */ = {isa = PBXFileReference; includeInIndex = 1; lastKnownFileType = text.xcconfig; name = "Pods-FirebaseMessenger-FirebaseMessengerUITests.release.xcconfig"; path = "Target Support Files/Pods-FirebaseMessenger-FirebaseMessengerUITests/Pods-FirebaseMessenger-FirebaseMessengerUITests.release.xcconfig"; sourceTree = "<group>"; };
		3E96BDFEAB8B39636925CBB0 /* Pods-FirebaseMessenger-FirebaseMessengerUITests.debug.xcconfig */ = {isa = PBXFileReference; includeInIndex = 1; lastKnownFileType = text.xcconfig; name = "Pods-FirebaseMessenger-FirebaseMessengerUITests.debug.xcconfig"; path = "Target Support Files/Pods-FirebaseMessenger-FirebaseMessengerUITests/Pods-FirebaseMessenger-FirebaseMessengerUITests.debug.xcconfig"; sourceTree = "<group>"; };
		408B4E50F48A97471E3FB991 /* Pods-FirebaseMessenger.debug.xcconfig */ = {isa = PBXFileReference; includeInIndex = 1; lastKnownFileType = text.xcconfig; name = "Pods-FirebaseMessenger.debug.xcconfig"; path = "Target Support Files/Pods-FirebaseMessenger/Pods-FirebaseMessenger.debug.xcconfig"; sourceTree = "<group>"; };
		658F324ED4F3133D2CD7DE7C /* Pods_FirebaseMessenger.framework */ = {isa = PBXFileReference; explicitFileType = wrapper.framework; includeInIndex = 0; path = Pods_FirebaseMessenger.framework; sourceTree = BUILT_PRODUCTS_DIR; };
		9A335045D15BB974582F9322 /* Pods-FirebaseMessengerTests.debug.xcconfig */ = {isa = PBXFileReference; includeInIndex = 1; lastKnownFileType = text.xcconfig; name = "Pods-FirebaseMessengerTests.debug.xcconfig"; path = "Target Support Files/Pods-FirebaseMessengerTests/Pods-FirebaseMessengerTests.debug.xcconfig"; sourceTree = "<group>"; };
		AB16CE982767CAC800038D4F /* Extensions.swift */ = {isa = PBXFileReference; lastKnownFileType = sourcecode.swift; path = Extensions.swift; sourceTree = "<group>"; };
		AB1B4AF927679587009B68F7 /* LoginViewController.swift */ = {isa = PBXFileReference; lastKnownFileType = sourcecode.swift; path = LoginViewController.swift; sourceTree = "<group>"; };
		AB1B4AFB276795C3009B68F7 /* RegisterViewController.swift */ = {isa = PBXFileReference; lastKnownFileType = sourcecode.swift; path = RegisterViewController.swift; sourceTree = "<group>"; };
		AB1B4AFD2767960D009B68F7 /* PhotoViewerViewController.swift */ = {isa = PBXFileReference; lastKnownFileType = sourcecode.swift; path = PhotoViewerViewController.swift; sourceTree = "<group>"; };
		AB1B4AFF27679647009B68F7 /* VideoPlayerViewController.swift */ = {isa = PBXFileReference; lastKnownFileType = sourcecode.swift; path = VideoPlayerViewController.swift; sourceTree = "<group>"; };
		AB1B4B012767967A009B68F7 /* NewConversationViewController.swift */ = {isa = PBXFileReference; lastKnownFileType = sourcecode.swift; path = NewConversationViewController.swift; sourceTree = "<group>"; };
		AB1B4B03276796A2009B68F7 /* ProfileViewController.swift */ = {isa = PBXFileReference; lastKnownFileType = sourcecode.swift; path = ProfileViewController.swift; sourceTree = "<group>"; };
		AB1DB4E8279B2D1600F43D91 /* StorageManager.swift */ = {isa = PBXFileReference; lastKnownFileType = sourcecode.swift; path = StorageManager.swift; sourceTree = "<group>"; };
		AB454006276CDFA6005B8A10 /* DatabaseManager.swift */ = {isa = PBXFileReference; lastKnownFileType = sourcecode.swift; path = DatabaseManager.swift; sourceTree = "<group>"; };
		AB4EB8C62799FEB200B7DEC6 /* ChatViewController.swift */ = {isa = PBXFileReference; lastKnownFileType = sourcecode.swift; path = ChatViewController.swift; sourceTree = "<group>"; };
		ABB68BF5279C872E00513F64 /* GoogleService-Info.plist */ = {isa = PBXFileReference; fileEncoding = 4; lastKnownFileType = text.plist.xml; path = "GoogleService-Info.plist"; sourceTree = "<group>"; };
		ABF8303C2767906C00D4655F /* FirebaseMessenger.app */ = {isa = PBXFileReference; explicitFileType = wrapper.application; includeInIndex = 0; path = FirebaseMessenger.app; sourceTree = BUILT_PRODUCTS_DIR; };
		ABF8303F2767906C00D4655F /* AppDelegate.swift */ = {isa = PBXFileReference; lastKnownFileType = sourcecode.swift; path = AppDelegate.swift; sourceTree = "<group>"; };
		ABF830412767906C00D4655F /* SceneDelegate.swift */ = {isa = PBXFileReference; lastKnownFileType = sourcecode.swift; path = SceneDelegate.swift; sourceTree = "<group>"; };
		ABF830432767906C00D4655F /* ConversationsViewController.swift */ = {isa = PBXFileReference; lastKnownFileType = sourcecode.swift; path = ConversationsViewController.swift; sourceTree = "<group>"; };
		ABF830462767906C00D4655F /* Base */ = {isa = PBXFileReference; lastKnownFileType = file.storyboard; name = Base; path = Base.lproj/Main.storyboard; sourceTree = "<group>"; };
		ABF830482767906F00D4655F /* Assets.xcassets */ = {isa = PBXFileReference; lastKnownFileType = folder.assetcatalog; path = Assets.xcassets; sourceTree = "<group>"; };
		ABF8304B2767906F00D4655F /* Base */ = {isa = PBXFileReference; lastKnownFileType = file.storyboard; name = Base; path = Base.lproj/LaunchScreen.storyboard; sourceTree = "<group>"; };
		ABF8304D2767906F00D4655F /* Info.plist */ = {isa = PBXFileReference; lastKnownFileType = text.plist.xml; path = Info.plist; sourceTree = "<group>"; };
		ABF830522767907000D4655F /* FirebaseMessengerTests.xctest */ = {isa = PBXFileReference; explicitFileType = wrapper.cfbundle; includeInIndex = 0; path = FirebaseMessengerTests.xctest; sourceTree = BUILT_PRODUCTS_DIR; };
		ABF830562767907000D4655F /* FirebaseMessengerTests.swift */ = {isa = PBXFileReference; lastKnownFileType = sourcecode.swift; path = FirebaseMessengerTests.swift; sourceTree = "<group>"; };
		ABF8305C2767907000D4655F /* FirebaseMessengerUITests.xctest */ = {isa = PBXFileReference; explicitFileType = wrapper.cfbundle; includeInIndex = 0; path = FirebaseMessengerUITests.xctest; sourceTree = BUILT_PRODUCTS_DIR; };
		ABF830602767907000D4655F /* FirebaseMessengerUITests.swift */ = {isa = PBXFileReference; lastKnownFileType = sourcecode.swift; path = FirebaseMessengerUITests.swift; sourceTree = "<group>"; };
		ABF830622767907100D4655F /* FirebaseMessengerUITestsLaunchTests.swift */ = {isa = PBXFileReference; lastKnownFileType = sourcecode.swift; path = FirebaseMessengerUITestsLaunchTests.swift; sourceTree = "<group>"; };
		E52087645E444CDA596E1CE5 /* Pods_FirebaseMessengerTests.framework */ = {isa = PBXFileReference; explicitFileType = wrapper.framework; includeInIndex = 0; path = Pods_FirebaseMessengerTests.framework; sourceTree = BUILT_PRODUCTS_DIR; };
		F18F6E11FB19370B3102B9CA /* Pods_FirebaseMessenger_FirebaseMessengerUITests.framework */ = {isa = PBXFileReference; explicitFileType = wrapper.framework; includeInIndex = 0; path = Pods_FirebaseMessenger_FirebaseMessengerUITests.framework; sourceTree = BUILT_PRODUCTS_DIR; };
/* End PBXFileReference section */

/* Begin PBXFrameworksBuildPhase section */
		ABF830392767906C00D4655F /* Frameworks */ = {
			isa = PBXFrameworksBuildPhase;
			buildActionMask = 2147483647;
			files = (
				707072096E480051305DF7D0 /* Pods_FirebaseMessenger.framework in Frameworks */,
			);
			runOnlyForDeploymentPostprocessing = 0;
		};
		ABF8304F2767907000D4655F /* Frameworks */ = {
			isa = PBXFrameworksBuildPhase;
			buildActionMask = 2147483647;
			files = (
				1DC1D9A0A885BF7C36A4AC17 /* Pods_FirebaseMessengerTests.framework in Frameworks */,
			);
			runOnlyForDeploymentPostprocessing = 0;
		};
		ABF830592767907000D4655F /* Frameworks */ = {
			isa = PBXFrameworksBuildPhase;
			buildActionMask = 2147483647;
			files = (
				29B3DD4CF050A0AC245E13CE /* Pods_FirebaseMessenger_FirebaseMessengerUITests.framework in Frameworks */,
			);
			runOnlyForDeploymentPostprocessing = 0;
		};
/* End PBXFrameworksBuildPhase section */

/* Begin PBXGroup section */
		119922E21F11812747F9CFCF /* Frameworks */ = {
			isa = PBXGroup;
			children = (
				658F324ED4F3133D2CD7DE7C /* Pods_FirebaseMessenger.framework */,
				F18F6E11FB19370B3102B9CA /* Pods_FirebaseMessenger_FirebaseMessengerUITests.framework */,
				E52087645E444CDA596E1CE5 /* Pods_FirebaseMessengerTests.framework */,
			);
			name = Frameworks;
			sourceTree = "<group>";
		};
		5D83B56071D99CF275412A5D /* Pods */ = {
			isa = PBXGroup;
			children = (
				408B4E50F48A97471E3FB991 /* Pods-FirebaseMessenger.debug.xcconfig */,
				1CDE26B5ECA957BD770E3D77 /* Pods-FirebaseMessenger.release.xcconfig */,
				3E96BDFEAB8B39636925CBB0 /* Pods-FirebaseMessenger-FirebaseMessengerUITests.debug.xcconfig */,
				2CA3127F57A86D1AF4B70266 /* Pods-FirebaseMessenger-FirebaseMessengerUITests.release.xcconfig */,
				9A335045D15BB974582F9322 /* Pods-FirebaseMessengerTests.debug.xcconfig */,
				024D63056E588538875E40F7 /* Pods-FirebaseMessengerTests.release.xcconfig */,
			);
			path = Pods;
			sourceTree = "<group>";
		};
		AB1B4AF327679344009B68F7 /* Controllers */ = {
			isa = PBXGroup;
			children = (
				AB78660D2767BF3400162305 /* Login */,
				ABF830432767906C00D4655F /* ConversationsViewController.swift */,
				AB1B4AFD2767960D009B68F7 /* PhotoViewerViewController.swift */,
				AB1B4AFF27679647009B68F7 /* VideoPlayerViewController.swift */,
				AB1B4B012767967A009B68F7 /* NewConversationViewController.swift */,
				AB1B4B03276796A2009B68F7 /* ProfileViewController.swift */,
				AB4EB8C62799FEB200B7DEC6 /* ChatViewController.swift */,
			);
			path = Controllers;
			sourceTree = "<group>";
		};
		AB1B4AF42767934E009B68F7 /* Views */ = {
			isa = PBXGroup;
			children = (
				AB1B4AF8276793CE009B68F7 /* Strorybroads */,
				ABF830482767906F00D4655F /* Assets.xcassets */,
			);
			path = Views;
			sourceTree = "<group>";
		};
		AB1B4AF527679363009B68F7 /* ViewModels */ = {
			isa = PBXGroup;
			children = (
			);
			path = ViewModels;
			sourceTree = "<group>";
		};
		AB1B4AF62767936D009B68F7 /* Models */ = {
			isa = PBXGroup;
			children = (
			);
			path = Models;
			sourceTree = "<group>";
		};
		AB1B4AF727679377009B68F7 /* Resources */ = {
			isa = PBXGroup;
			children = (
				ABF8303F2767906C00D4655F /* AppDelegate.swift */,
				ABF830412767906C00D4655F /* SceneDelegate.swift */,
				AB16CE982767CAC800038D4F /* Extensions.swift */,
				AB454006276CDFA6005B8A10 /* DatabaseManager.swift */,
				AB1DB4E8279B2D1600F43D91 /* StorageManager.swift */,
			);
			path = Resources;
			sourceTree = "<group>";
		};
		AB1B4AF8276793CE009B68F7 /* Strorybroads */ = {
			isa = PBXGroup;
			children = (
				ABF830452767906C00D4655F /* Main.storyboard */,
				ABF8304A2767906F00D4655F /* LaunchScreen.storyboard */,
			);
			path = Strorybroads;
			sourceTree = "<group>";
		};
		AB78660D2767BF3400162305 /* Login */ = {
			isa = PBXGroup;
			children = (
				AB1B4AF927679587009B68F7 /* LoginViewController.swift */,
				AB1B4AFB276795C3009B68F7 /* RegisterViewController.swift */,
			);
			path = Login;
			sourceTree = "<group>";
		};
		ABF830332767906C00D4655F = {
			isa = PBXGroup;
			children = (
				ABF8303E2767906C00D4655F /* FirebaseMessenger */,
				ABF830552767907000D4655F /* FirebaseMessengerTests */,
				ABF8305F2767907000D4655F /* FirebaseMessengerUITests */,
				ABF8303D2767906C00D4655F /* Products */,
				5D83B56071D99CF275412A5D /* Pods */,
				119922E21F11812747F9CFCF /* Frameworks */,
			);
			sourceTree = "<group>";
		};
		ABF8303D2767906C00D4655F /* Products */ = {
			isa = PBXGroup;
			children = (
				ABF8303C2767906C00D4655F /* FirebaseMessenger.app */,
				ABF830522767907000D4655F /* FirebaseMessengerTests.xctest */,
				ABF8305C2767907000D4655F /* FirebaseMessengerUITests.xctest */,
			);
			name = Products;
			sourceTree = "<group>";
		};
		ABF8303E2767906C00D4655F /* FirebaseMessenger */ = {
			isa = PBXGroup;
			children = (
				AB1B4AF727679377009B68F7 /* Resources */,
				AB1B4AF62767936D009B68F7 /* Models */,
				AB1B4AF527679363009B68F7 /* ViewModels */,
				AB1B4AF42767934E009B68F7 /* Views */,
				AB1B4AF327679344009B68F7 /* Controllers */,
				ABF8304D2767906F00D4655F /* Info.plist */,
				ABB68BF5279C872E00513F64 /* GoogleService-Info.plist */,
			);
			path = FirebaseMessenger;
			sourceTree = "<group>";
		};
		ABF830552767907000D4655F /* FirebaseMessengerTests */ = {
			isa = PBXGroup;
			children = (
				ABF830562767907000D4655F /* FirebaseMessengerTests.swift */,
			);
			path = FirebaseMessengerTests;
			sourceTree = "<group>";
		};
		ABF8305F2767907000D4655F /* FirebaseMessengerUITests */ = {
			isa = PBXGroup;
			children = (
				ABF830602767907000D4655F /* FirebaseMessengerUITests.swift */,
				ABF830622767907100D4655F /* FirebaseMessengerUITestsLaunchTests.swift */,
			);
			path = FirebaseMessengerUITests;
			sourceTree = "<group>";
		};
/* End PBXGroup section */

/* Begin PBXNativeTarget section */
		ABF8303B2767906C00D4655F /* FirebaseMessenger */ = {
			isa = PBXNativeTarget;
			buildConfigurationList = ABF830662767907100D4655F /* Build configuration list for PBXNativeTarget "FirebaseMessenger" */;
			buildPhases = (
				5F80FEE597E5E1D97F112250 /* [CP] Check Pods Manifest.lock */,
				ABF830382767906C00D4655F /* Sources */,
				ABF830392767906C00D4655F /* Frameworks */,
				ABF8303A2767906C00D4655F /* Resources */,
				66143B2C05DFB6BF882339ED /* [CP] Embed Pods Frameworks */,
			);
			buildRules = (
			);
			dependencies = (
			);
			name = FirebaseMessenger;
			productName = FirebaseMessenger;
			productReference = ABF8303C2767906C00D4655F /* FirebaseMessenger.app */;
			productType = "com.apple.product-type.application";
		};
		ABF830512767907000D4655F /* FirebaseMessengerTests */ = {
			isa = PBXNativeTarget;
			buildConfigurationList = ABF830692767907100D4655F /* Build configuration list for PBXNativeTarget "FirebaseMessengerTests" */;
			buildPhases = (
				2C3449B0F1F960ECDBD348F9 /* [CP] Check Pods Manifest.lock */,
				ABF8304E2767907000D4655F /* Sources */,
				ABF8304F2767907000D4655F /* Frameworks */,
				ABF830502767907000D4655F /* Resources */,
			);
			buildRules = (
			);
			dependencies = (
				ABF830542767907000D4655F /* PBXTargetDependency */,
			);
			name = FirebaseMessengerTests;
			productName = FirebaseMessengerTests;
			productReference = ABF830522767907000D4655F /* FirebaseMessengerTests.xctest */;
			productType = "com.apple.product-type.bundle.unit-test";
		};
		ABF8305B2767907000D4655F /* FirebaseMessengerUITests */ = {
			isa = PBXNativeTarget;
			buildConfigurationList = ABF8306C2767907100D4655F /* Build configuration list for PBXNativeTarget "FirebaseMessengerUITests" */;
			buildPhases = (
				4AA0191ABCA82D7A4406D088 /* [CP] Check Pods Manifest.lock */,
				ABF830582767907000D4655F /* Sources */,
				ABF830592767907000D4655F /* Frameworks */,
				ABF8305A2767907000D4655F /* Resources */,
				588B900F06CF128FA03F8725 /* [CP] Embed Pods Frameworks */,
			);
			buildRules = (
			);
			dependencies = (
				ABF8305E2767907000D4655F /* PBXTargetDependency */,
			);
			name = FirebaseMessengerUITests;
			productName = FirebaseMessengerUITests;
			productReference = ABF8305C2767907000D4655F /* FirebaseMessengerUITests.xctest */;
			productType = "com.apple.product-type.bundle.ui-testing";
		};
/* End PBXNativeTarget section */

/* Begin PBXProject section */
		ABF830342767906C00D4655F /* Project object */ = {
			isa = PBXProject;
			attributes = {
				BuildIndependentTargetsInParallel = 1;
				LastSwiftUpdateCheck = 1310;
				LastUpgradeCheck = 1310;
				TargetAttributes = {
					ABF8303B2767906C00D4655F = {
						CreatedOnToolsVersion = 13.1;
					};
					ABF830512767907000D4655F = {
						CreatedOnToolsVersion = 13.1;
						TestTargetID = ABF8303B2767906C00D4655F;
					};
					ABF8305B2767907000D4655F = {
						CreatedOnToolsVersion = 13.1;
						TestTargetID = ABF8303B2767906C00D4655F;
					};
				};
			};
			buildConfigurationList = ABF830372767906C00D4655F /* Build configuration list for PBXProject "FirebaseMessenger" */;
			compatibilityVersion = "Xcode 13.0";
			developmentRegion = en;
			hasScannedForEncodings = 0;
			knownRegions = (
				en,
				Base,
			);
			mainGroup = ABF830332767906C00D4655F;
			productRefGroup = ABF8303D2767906C00D4655F /* Products */;
			projectDirPath = "";
			projectRoot = "";
			targets = (
				ABF8303B2767906C00D4655F /* FirebaseMessenger */,
				ABF830512767907000D4655F /* FirebaseMessengerTests */,
				ABF8305B2767907000D4655F /* FirebaseMessengerUITests */,
			);
		};
/* End PBXProject section */

/* Begin PBXResourcesBuildPhase section */
		ABF8303A2767906C00D4655F /* Resources */ = {
			isa = PBXResourcesBuildPhase;
			buildActionMask = 2147483647;
			files = (
				ABF8304C2767906F00D4655F /* LaunchScreen.storyboard in Resources */,
				ABB68BF6279C872E00513F64 /* GoogleService-Info.plist in Resources */,
				ABF830492767906F00D4655F /* Assets.xcassets in Resources */,
				ABF830472767906C00D4655F /* Main.storyboard in Resources */,
			);
			runOnlyForDeploymentPostprocessing = 0;
		};
		ABF830502767907000D4655F /* Resources */ = {
			isa = PBXResourcesBuildPhase;
			buildActionMask = 2147483647;
			files = (
			);
			runOnlyForDeploymentPostprocessing = 0;
		};
		ABF8305A2767907000D4655F /* Resources */ = {
			isa = PBXResourcesBuildPhase;
			buildActionMask = 2147483647;
			files = (
			);
			runOnlyForDeploymentPostprocessing = 0;
		};
/* End PBXResourcesBuildPhase section */

/* Begin PBXShellScriptBuildPhase section */
		2C3449B0F1F960ECDBD348F9 /* [CP] Check Pods Manifest.lock */ = {
			isa = PBXShellScriptBuildPhase;
			buildActionMask = 2147483647;
			files = (
			);
			inputFileListPaths = (
			);
			inputPaths = (
				"${PODS_PODFILE_DIR_PATH}/Podfile.lock",
				"${PODS_ROOT}/Manifest.lock",
			);
			name = "[CP] Check Pods Manifest.lock";
			outputFileListPaths = (
			);
			outputPaths = (
				"$(DERIVED_FILE_DIR)/Pods-FirebaseMessengerTests-checkManifestLockResult.txt",
			);
			runOnlyForDeploymentPostprocessing = 0;
			shellPath = /bin/sh;
			shellScript = "diff \"${PODS_PODFILE_DIR_PATH}/Podfile.lock\" \"${PODS_ROOT}/Manifest.lock\" > /dev/null\nif [ $? != 0 ] ; then\n    # print error to STDERR\n    echo \"error: The sandbox is not in sync with the Podfile.lock. Run 'pod install' or update your CocoaPods installation.\" >&2\n    exit 1\nfi\n# This output is used by Xcode 'outputs' to avoid re-running this script phase.\necho \"SUCCESS\" > \"${SCRIPT_OUTPUT_FILE_0}\"\n";
			showEnvVarsInLog = 0;
		};
		4AA0191ABCA82D7A4406D088 /* [CP] Check Pods Manifest.lock */ = {
			isa = PBXShellScriptBuildPhase;
			buildActionMask = 2147483647;
			files = (
			);
			inputFileListPaths = (
			);
			inputPaths = (
				"${PODS_PODFILE_DIR_PATH}/Podfile.lock",
				"${PODS_ROOT}/Manifest.lock",
			);
			name = "[CP] Check Pods Manifest.lock";
			outputFileListPaths = (
			);
			outputPaths = (
				"$(DERIVED_FILE_DIR)/Pods-FirebaseMessenger-FirebaseMessengerUITests-checkManifestLockResult.txt",
			);
			runOnlyForDeploymentPostprocessing = 0;
			shellPath = /bin/sh;
			shellScript = "diff \"${PODS_PODFILE_DIR_PATH}/Podfile.lock\" \"${PODS_ROOT}/Manifest.lock\" > /dev/null\nif [ $? != 0 ] ; then\n    # print error to STDERR\n    echo \"error: The sandbox is not in sync with the Podfile.lock. Run 'pod install' or update your CocoaPods installation.\" >&2\n    exit 1\nfi\n# This output is used by Xcode 'outputs' to avoid re-running this script phase.\necho \"SUCCESS\" > \"${SCRIPT_OUTPUT_FILE_0}\"\n";
			showEnvVarsInLog = 0;
		};
		588B900F06CF128FA03F8725 /* [CP] Embed Pods Frameworks */ = {
			isa = PBXShellScriptBuildPhase;
			buildActionMask = 2147483647;
			files = (
			);
			inputFileListPaths = (
				"${PODS_ROOT}/Target Support Files/Pods-FirebaseMessenger-FirebaseMessengerUITests/Pods-FirebaseMessenger-FirebaseMessengerUITests-frameworks-${CONFIGURATION}-input-files.xcfilelist",
			);
			name = "[CP] Embed Pods Frameworks";
			outputFileListPaths = (
				"${PODS_ROOT}/Target Support Files/Pods-FirebaseMessenger-FirebaseMessengerUITests/Pods-FirebaseMessenger-FirebaseMessengerUITests-frameworks-${CONFIGURATION}-output-files.xcfilelist",
			);
			runOnlyForDeploymentPostprocessing = 0;
			shellPath = /bin/sh;
			shellScript = "\"${PODS_ROOT}/Target Support Files/Pods-FirebaseMessenger-FirebaseMessengerUITests/Pods-FirebaseMessenger-FirebaseMessengerUITests-frameworks.sh\"\n";
			showEnvVarsInLog = 0;
		};
		5F80FEE597E5E1D97F112250 /* [CP] Check Pods Manifest.lock */ = {
			isa = PBXShellScriptBuildPhase;
			buildActionMask = 2147483647;
			files = (
			);
			inputFileListPaths = (
			);
			inputPaths = (
				"${PODS_PODFILE_DIR_PATH}/Podfile.lock",
				"${PODS_ROOT}/Manifest.lock",
			);
			name = "[CP] Check Pods Manifest.lock";
			outputFileListPaths = (
			);
			outputPaths = (
				"$(DERIVED_FILE_DIR)/Pods-FirebaseMessenger-checkManifestLockResult.txt",
			);
			runOnlyForDeploymentPostprocessing = 0;
			shellPath = /bin/sh;
			shellScript = "diff \"${PODS_PODFILE_DIR_PATH}/Podfile.lock\" \"${PODS_ROOT}/Manifest.lock\" > /dev/null\nif [ $? != 0 ] ; then\n    # print error to STDERR\n    echo \"error: The sandbox is not in sync with the Podfile.lock. Run 'pod install' or update your CocoaPods installation.\" >&2\n    exit 1\nfi\n# This output is used by Xcode 'outputs' to avoid re-running this script phase.\necho \"SUCCESS\" > \"${SCRIPT_OUTPUT_FILE_0}\"\n";
			showEnvVarsInLog = 0;
		};
		66143B2C05DFB6BF882339ED /* [CP] Embed Pods Frameworks */ = {
			isa = PBXShellScriptBuildPhase;
			buildActionMask = 2147483647;
			files = (
			);
			inputFileListPaths = (
				"${PODS_ROOT}/Target Support Files/Pods-FirebaseMessenger/Pods-FirebaseMessenger-frameworks-${CONFIGURATION}-input-files.xcfilelist",
			);
			name = "[CP] Embed Pods Frameworks";
			outputFileListPaths = (
				"${PODS_ROOT}/Target Support Files/Pods-FirebaseMessenger/Pods-FirebaseMessenger-frameworks-${CONFIGURATION}-output-files.xcfilelist",
			);
			runOnlyForDeploymentPostprocessing = 0;
			shellPath = /bin/sh;
			shellScript = "\"${PODS_ROOT}/Target Support Files/Pods-FirebaseMessenger/Pods-FirebaseMessenger-frameworks.sh\"\n";
			showEnvVarsInLog = 0;
		};
/* End PBXShellScriptBuildPhase section */

/* Begin PBXSourcesBuildPhase section */
		ABF830382767906C00D4655F /* Sources */ = {
			isa = PBXSourcesBuildPhase;
			buildActionMask = 2147483647;
			files = (
				AB1B4AFA27679587009B68F7 /* LoginViewController.swift in Sources */,
				AB454007276CDFA7005B8A10 /* DatabaseManager.swift in Sources */,
				AB1B4AFC276795C3009B68F7 /* RegisterViewController.swift in Sources */,
				AB1B4B022767967A009B68F7 /* NewConversationViewController.swift in Sources */,
				ABF830442767906C00D4655F /* ConversationsViewController.swift in Sources */,
				AB1B4B0027679647009B68F7 /* VideoPlayerViewController.swift in Sources */,
				AB16CE992767CAC800038D4F /* Extensions.swift in Sources */,
				ABF830402767906C00D4655F /* AppDelegate.swift in Sources */,
				AB1B4B04276796A2009B68F7 /* ProfileViewController.swift in Sources */,
				ABF830422767906C00D4655F /* SceneDelegate.swift in Sources */,
				AB4EB8C72799FEB200B7DEC6 /* ChatViewController.swift in Sources */,
				AB1B4AFE2767960D009B68F7 /* PhotoViewerViewController.swift in Sources */,
				AB1DB4E9279B2D1600F43D91 /* StorageManager.swift in Sources */,
			);
			runOnlyForDeploymentPostprocessing = 0;
		};
		ABF8304E2767907000D4655F /* Sources */ = {
			isa = PBXSourcesBuildPhase;
			buildActionMask = 2147483647;
			files = (
				ABF830572767907000D4655F /* FirebaseMessengerTests.swift in Sources */,
			);
			runOnlyForDeploymentPostprocessing = 0;
		};
		ABF830582767907000D4655F /* Sources */ = {
			isa = PBXSourcesBuildPhase;
			buildActionMask = 2147483647;
			files = (
				ABF830612767907000D4655F /* FirebaseMessengerUITests.swift in Sources */,
				ABF830632767907100D4655F /* FirebaseMessengerUITestsLaunchTests.swift in Sources */,
			);
			runOnlyForDeploymentPostprocessing = 0;
		};
/* End PBXSourcesBuildPhase section */

/* Begin PBXTargetDependency section */
		ABF830542767907000D4655F /* PBXTargetDependency */ = {
			isa = PBXTargetDependency;
			target = ABF8303B2767906C00D4655F /* FirebaseMessenger */;
			targetProxy = ABF830532767907000D4655F /* PBXContainerItemProxy */;
		};
		ABF8305E2767907000D4655F /* PBXTargetDependency */ = {
			isa = PBXTargetDependency;
			target = ABF8303B2767906C00D4655F /* FirebaseMessenger */;
			targetProxy = ABF8305D2767907000D4655F /* PBXContainerItemProxy */;
		};
/* End PBXTargetDependency section */

/* Begin PBXVariantGroup section */
		ABF830452767906C00D4655F /* Main.storyboard */ = {
			isa = PBXVariantGroup;
			children = (
				ABF830462767906C00D4655F /* Base */,
			);
			name = Main.storyboard;
			sourceTree = "<group>";
		};
		ABF8304A2767906F00D4655F /* LaunchScreen.storyboard */ = {
			isa = PBXVariantGroup;
			children = (
				ABF8304B2767906F00D4655F /* Base */,
			);
			name = LaunchScreen.storyboard;
			sourceTree = "<group>";
		};
/* End PBXVariantGroup section */

/* Begin XCBuildConfiguration section */
		ABF830642767907100D4655F /* Debug */ = {
			isa = XCBuildConfiguration;
			buildSettings = {
				ALWAYS_SEARCH_USER_PATHS = NO;
				CLANG_ANALYZER_NONNULL = YES;
				CLANG_ANALYZER_NUMBER_OBJECT_CONVERSION = YES_AGGRESSIVE;
				CLANG_CXX_LANGUAGE_STANDARD = "gnu++17";
				CLANG_CXX_LIBRARY = "libc++";
				CLANG_ENABLE_MODULES = YES;
				CLANG_ENABLE_OBJC_ARC = YES;
				CLANG_ENABLE_OBJC_WEAK = YES;
				CLANG_WARN_BLOCK_CAPTURE_AUTORELEASING = YES;
				CLANG_WARN_BOOL_CONVERSION = YES;
				CLANG_WARN_COMMA = YES;
				CLANG_WARN_CONSTANT_CONVERSION = YES;
				CLANG_WARN_DEPRECATED_OBJC_IMPLEMENTATIONS = YES;
				CLANG_WARN_DIRECT_OBJC_ISA_USAGE = YES_ERROR;
				CLANG_WARN_DOCUMENTATION_COMMENTS = YES;
				CLANG_WARN_EMPTY_BODY = YES;
				CLANG_WARN_ENUM_CONVERSION = YES;
				CLANG_WARN_INFINITE_RECURSION = YES;
				CLANG_WARN_INT_CONVERSION = YES;
				CLANG_WARN_NON_LITERAL_NULL_CONVERSION = YES;
				CLANG_WARN_OBJC_IMPLICIT_RETAIN_SELF = YES;
				CLANG_WARN_OBJC_LITERAL_CONVERSION = YES;
				CLANG_WARN_OBJC_ROOT_CLASS = YES_ERROR;
				CLANG_WARN_QUOTED_INCLUDE_IN_FRAMEWORK_HEADER = YES;
				CLANG_WARN_RANGE_LOOP_ANALYSIS = YES;
				CLANG_WARN_STRICT_PROTOTYPES = YES;
				CLANG_WARN_SUSPICIOUS_MOVE = YES;
				CLANG_WARN_UNGUARDED_AVAILABILITY = YES_AGGRESSIVE;
				CLANG_WARN_UNREACHABLE_CODE = YES;
				CLANG_WARN__DUPLICATE_METHOD_MATCH = YES;
				COPY_PHASE_STRIP = NO;
				DEBUG_INFORMATION_FORMAT = dwarf;
				ENABLE_STRICT_OBJC_MSGSEND = YES;
				ENABLE_TESTABILITY = YES;
				GCC_C_LANGUAGE_STANDARD = gnu11;
				GCC_DYNAMIC_NO_PIC = NO;
				GCC_NO_COMMON_BLOCKS = YES;
				GCC_OPTIMIZATION_LEVEL = 0;
				GCC_PREPROCESSOR_DEFINITIONS = (
					"DEBUG=1",
					"$(inherited)",
				);
				GCC_WARN_64_TO_32_BIT_CONVERSION = YES;
				GCC_WARN_ABOUT_RETURN_TYPE = YES_ERROR;
				GCC_WARN_UNDECLARED_SELECTOR = YES;
				GCC_WARN_UNINITIALIZED_AUTOS = YES_AGGRESSIVE;
				GCC_WARN_UNUSED_FUNCTION = YES;
				GCC_WARN_UNUSED_VARIABLE = YES;
				IPHONEOS_DEPLOYMENT_TARGET = 15.0;
				MTL_ENABLE_DEBUG_INFO = INCLUDE_SOURCE;
				MTL_FAST_MATH = YES;
				ONLY_ACTIVE_ARCH = YES;
				SDKROOT = iphoneos;
				SWIFT_ACTIVE_COMPILATION_CONDITIONS = DEBUG;
				SWIFT_OPTIMIZATION_LEVEL = "-Onone";
			};
			name = Debug;
		};
		ABF830652767907100D4655F /* Release */ = {
			isa = XCBuildConfiguration;
			buildSettings = {
				ALWAYS_SEARCH_USER_PATHS = NO;
				CLANG_ANALYZER_NONNULL = YES;
				CLANG_ANALYZER_NUMBER_OBJECT_CONVERSION = YES_AGGRESSIVE;
				CLANG_CXX_LANGUAGE_STANDARD = "gnu++17";
				CLANG_CXX_LIBRARY = "libc++";
				CLANG_ENABLE_MODULES = YES;
				CLANG_ENABLE_OBJC_ARC = YES;
				CLANG_ENABLE_OBJC_WEAK = YES;
				CLANG_WARN_BLOCK_CAPTURE_AUTORELEASING = YES;
				CLANG_WARN_BOOL_CONVERSION = YES;
				CLANG_WARN_COMMA = YES;
				CLANG_WARN_CONSTANT_CONVERSION = YES;
				CLANG_WARN_DEPRECATED_OBJC_IMPLEMENTATIONS = YES;
				CLANG_WARN_DIRECT_OBJC_ISA_USAGE = YES_ERROR;
				CLANG_WARN_DOCUMENTATION_COMMENTS = YES;
				CLANG_WARN_EMPTY_BODY = YES;
				CLANG_WARN_ENUM_CONVERSION = YES;
				CLANG_WARN_INFINITE_RECURSION = YES;
				CLANG_WARN_INT_CONVERSION = YES;
				CLANG_WARN_NON_LITERAL_NULL_CONVERSION = YES;
				CLANG_WARN_OBJC_IMPLICIT_RETAIN_SELF = YES;
				CLANG_WARN_OBJC_LITERAL_CONVERSION = YES;
				CLANG_WARN_OBJC_ROOT_CLASS = YES_ERROR;
				CLANG_WARN_QUOTED_INCLUDE_IN_FRAMEWORK_HEADER = YES;
				CLANG_WARN_RANGE_LOOP_ANALYSIS = YES;
				CLANG_WARN_STRICT_PROTOTYPES = YES;
				CLANG_WARN_SUSPICIOUS_MOVE = YES;
				CLANG_WARN_UNGUARDED_AVAILABILITY = YES_AGGRESSIVE;
				CLANG_WARN_UNREACHABLE_CODE = YES;
				CLANG_WARN__DUPLICATE_METHOD_MATCH = YES;
				COPY_PHASE_STRIP = NO;
				DEBUG_INFORMATION_FORMAT = "dwarf-with-dsym";
				ENABLE_NS_ASSERTIONS = NO;
				ENABLE_STRICT_OBJC_MSGSEND = YES;
				GCC_C_LANGUAGE_STANDARD = gnu11;
				GCC_NO_COMMON_BLOCKS = YES;
				GCC_WARN_64_TO_32_BIT_CONVERSION = YES;
				GCC_WARN_ABOUT_RETURN_TYPE = YES_ERROR;
				GCC_WARN_UNDECLARED_SELECTOR = YES;
				GCC_WARN_UNINITIALIZED_AUTOS = YES_AGGRESSIVE;
				GCC_WARN_UNUSED_FUNCTION = YES;
				GCC_WARN_UNUSED_VARIABLE = YES;
				IPHONEOS_DEPLOYMENT_TARGET = 15.0;
				MTL_ENABLE_DEBUG_INFO = NO;
				MTL_FAST_MATH = YES;
				SDKROOT = iphoneos;
				SWIFT_COMPILATION_MODE = wholemodule;
				SWIFT_OPTIMIZATION_LEVEL = "-O";
				VALIDATE_PRODUCT = YES;
			};
			name = Release;
		};
		ABF830672767907100D4655F /* Debug */ = {
			isa = XCBuildConfiguration;
			baseConfigurationReference = 408B4E50F48A97471E3FB991 /* Pods-FirebaseMessenger.debug.xcconfig */;
			buildSettings = {
				ASSETCATALOG_COMPILER_APPICON_NAME = AppIcon;
				ASSETCATALOG_COMPILER_GLOBAL_ACCENT_COLOR_NAME = AccentColor;
				CODE_SIGN_STYLE = Automatic;
				CURRENT_PROJECT_VERSION = 1;
				DEVELOPMENT_TEAM = AMZ95B7UPS;
				GENERATE_INFOPLIST_FILE = YES;
				INFOPLIST_FILE = FirebaseMessenger/Info.plist;
				INFOPLIST_KEY_NSCalendarsUsageDescription = "Please allow access to take a profile picture!";
				INFOPLIST_KEY_NSPhotoLibraryAddUsageDescription = "Please allow access to select a photo for your profile!";
				INFOPLIST_KEY_UIApplicationSupportsIndirectInputEvents = YES;
				INFOPLIST_KEY_UILaunchStoryboardName = LaunchScreen;
				INFOPLIST_KEY_UIMainStoryboardFile = Main;
				INFOPLIST_KEY_UISupportedInterfaceOrientations = UIInterfaceOrientationPortrait;
				INFOPLIST_KEY_UISupportedInterfaceOrientations_iPad = "UIInterfaceOrientationPortrait UIInterfaceOrientationPortraitUpsideDown UIInterfaceOrientationLandscapeLeft UIInterfaceOrientationLandscapeRight";
				INFOPLIST_KEY_UISupportedInterfaceOrientations_iPhone = "UIInterfaceOrientationPortrait UIInterfaceOrientationLandscapeLeft UIInterfaceOrientationLandscapeRight";
				IPHONEOS_DEPLOYMENT_TARGET = 15.0;
				LD_RUNPATH_SEARCH_PATHS = (
					"$(inherited)",
					"@executable_path/Frameworks",
				);
				MARKETING_VERSION = 1.0;
				PRODUCT_BUNDLE_IDENTIFIER = com.tuannguyen.FirebaseMessenger;
				PRODUCT_NAME = "$(TARGET_NAME)";
				SWIFT_EMIT_LOC_STRINGS = YES;
				SWIFT_VERSION = 5.0;
				TARGETED_DEVICE_FAMILY = "1,2";
			};
			name = Debug;
		};
		ABF830682767907100D4655F /* Release */ = {
			isa = XCBuildConfiguration;
			baseConfigurationReference = 1CDE26B5ECA957BD770E3D77 /* Pods-FirebaseMessenger.release.xcconfig */;
			buildSettings = {
				ASSETCATALOG_COMPILER_APPICON_NAME = AppIcon;
				ASSETCATALOG_COMPILER_GLOBAL_ACCENT_COLOR_NAME = AccentColor;
				CODE_SIGN_STYLE = Automatic;
				CURRENT_PROJECT_VERSION = 1;
				DEVELOPMENT_TEAM = AMZ95B7UPS;
				GENERATE_INFOPLIST_FILE = YES;
				INFOPLIST_FILE = FirebaseMessenger/Info.plist;
				INFOPLIST_KEY_NSCalendarsUsageDescription = "Please allow access to take a profile picture!";
				INFOPLIST_KEY_NSPhotoLibraryAddUsageDescription = "Please allow access to select a photo for your profile!";
				INFOPLIST_KEY_UIApplicationSupportsIndirectInputEvents = YES;
				INFOPLIST_KEY_UILaunchStoryboardName = LaunchScreen;
				INFOPLIST_KEY_UIMainStoryboardFile = Main;
				INFOPLIST_KEY_UISupportedInterfaceOrientations = UIInterfaceOrientationPortrait;
				INFOPLIST_KEY_UISupportedInterfaceOrientations_iPad = "UIInterfaceOrientationPortrait UIInterfaceOrientationPortraitUpsideDown UIInterfaceOrientationLandscapeLeft UIInterfaceOrientationLandscapeRight";
				INFOPLIST_KEY_UISupportedInterfaceOrientations_iPhone = "UIInterfaceOrientationPortrait UIInterfaceOrientationLandscapeLeft UIInterfaceOrientationLandscapeRight";
				IPHONEOS_DEPLOYMENT_TARGET = 15.0;
				LD_RUNPATH_SEARCH_PATHS = (
					"$(inherited)",
					"@executable_path/Frameworks",
				);
				MARKETING_VERSION = 1.0;
				PRODUCT_BUNDLE_IDENTIFIER = com.tuannguyen.FirebaseMessenger;
				PRODUCT_NAME = "$(TARGET_NAME)";
				SWIFT_EMIT_LOC_STRINGS = YES;
				SWIFT_VERSION = 5.0;
				TARGETED_DEVICE_FAMILY = "1,2";
			};
			name = Release;
		};
		ABF8306A2767907100D4655F /* Debug */ = {
			isa = XCBuildConfiguration;
			baseConfigurationReference = 9A335045D15BB974582F9322 /* Pods-FirebaseMessengerTests.debug.xcconfig */;
			buildSettings = {
				ALWAYS_EMBED_SWIFT_STANDARD_LIBRARIES = YES;
				BUNDLE_LOADER = "$(TEST_HOST)";
				CODE_SIGN_STYLE = Automatic;
				CURRENT_PROJECT_VERSION = 1;
				DEVELOPMENT_TEAM = AMZ95B7UPS;
				GENERATE_INFOPLIST_FILE = YES;
				IPHONEOS_DEPLOYMENT_TARGET = 15.0;
				LD_RUNPATH_SEARCH_PATHS = (
					"$(inherited)",
					"@executable_path/Frameworks",
					"@loader_path/Frameworks",
				);
				MARKETING_VERSION = 1.0;
				PRODUCT_BUNDLE_IDENTIFIER = com.tuannguyen.FirebaseMessengerTests;
				PRODUCT_NAME = "$(TARGET_NAME)";
				SWIFT_EMIT_LOC_STRINGS = NO;
				SWIFT_VERSION = 5.0;
				TARGETED_DEVICE_FAMILY = "1,2";
				TEST_HOST = "$(BUILT_PRODUCTS_DIR)/FirebaseMessenger.app/FirebaseMessenger";
			};
			name = Debug;
		};
		ABF8306B2767907100D4655F /* Release */ = {
			isa = XCBuildConfiguration;
			baseConfigurationReference = 024D63056E588538875E40F7 /* Pods-FirebaseMessengerTests.release.xcconfig */;
			buildSettings = {
				ALWAYS_EMBED_SWIFT_STANDARD_LIBRARIES = YES;
				BUNDLE_LOADER = "$(TEST_HOST)";
				CODE_SIGN_STYLE = Automatic;
				CURRENT_PROJECT_VERSION = 1;
				DEVELOPMENT_TEAM = AMZ95B7UPS;
				GENERATE_INFOPLIST_FILE = YES;
				IPHONEOS_DEPLOYMENT_TARGET = 15.0;
				LD_RUNPATH_SEARCH_PATHS = (
					"$(inherited)",
					"@executable_path/Frameworks",
					"@loader_path/Frameworks",
				);
				MARKETING_VERSION = 1.0;
				PRODUCT_BUNDLE_IDENTIFIER = com.tuannguyen.FirebaseMessengerTests;
				PRODUCT_NAME = "$(TARGET_NAME)";
				SWIFT_EMIT_LOC_STRINGS = NO;
				SWIFT_VERSION = 5.0;
				TARGETED_DEVICE_FAMILY = "1,2";
				TEST_HOST = "$(BUILT_PRODUCTS_DIR)/FirebaseMessenger.app/FirebaseMessenger";
			};
			name = Release;
		};
		ABF8306D2767907100D4655F /* Debug */ = {
			isa = XCBuildConfiguration;
			baseConfigurationReference = 3E96BDFEAB8B39636925CBB0 /* Pods-FirebaseMessenger-FirebaseMessengerUITests.debug.xcconfig */;
			buildSettings = {
				ALWAYS_EMBED_SWIFT_STANDARD_LIBRARIES = YES;
				CODE_SIGN_STYLE = Automatic;
				CURRENT_PROJECT_VERSION = 1;
				DEVELOPMENT_TEAM = AMZ95B7UPS;
				GENERATE_INFOPLIST_FILE = YES;
				LD_RUNPATH_SEARCH_PATHS = (
					"$(inherited)",
					"@executable_path/Frameworks",
					"@loader_path/Frameworks",
				);
				MARKETING_VERSION = 1.0;
				PRODUCT_BUNDLE_IDENTIFIER = com.tuannguyen.FirebaseMessengerUITests;
				PRODUCT_NAME = "$(TARGET_NAME)";
				SWIFT_EMIT_LOC_STRINGS = NO;
				SWIFT_VERSION = 5.0;
				TARGETED_DEVICE_FAMILY = "1,2";
				TEST_TARGET_NAME = FirebaseMessenger;
			};
			name = Debug;
		};
		ABF8306E2767907100D4655F /* Release */ = {
			isa = XCBuildConfiguration;
			baseConfigurationReference = 2CA3127F57A86D1AF4B70266 /* Pods-FirebaseMessenger-FirebaseMessengerUITests.release.xcconfig */;
			buildSettings = {
				ALWAYS_EMBED_SWIFT_STANDARD_LIBRARIES = YES;
				CODE_SIGN_STYLE = Automatic;
				CURRENT_PROJECT_VERSION = 1;
				DEVELOPMENT_TEAM = AMZ95B7UPS;
				GENERATE_INFOPLIST_FILE = YES;
				LD_RUNPATH_SEARCH_PATHS = (
					"$(inherited)",
					"@executable_path/Frameworks",
					"@loader_path/Frameworks",
				);
				MARKETING_VERSION = 1.0;
				PRODUCT_BUNDLE_IDENTIFIER = com.tuannguyen.FirebaseMessengerUITests;
				PRODUCT_NAME = "$(TARGET_NAME)";
				SWIFT_EMIT_LOC_STRINGS = NO;
				SWIFT_VERSION = 5.0;
				TARGETED_DEVICE_FAMILY = "1,2";
				TEST_TARGET_NAME = FirebaseMessenger;
			};
			name = Release;
		};
/* End XCBuildConfiguration section */

/* Begin XCConfigurationList section */
		ABF830372767906C00D4655F /* Build configuration list for PBXProject "FirebaseMessenger" */ = {
			isa = XCConfigurationList;
			buildConfigurations = (
				ABF830642767907100D4655F /* Debug */,
				ABF830652767907100D4655F /* Release */,
			);
			defaultConfigurationIsVisible = 0;
			defaultConfigurationName = Release;
		};
		ABF830662767907100D4655F /* Build configuration list for PBXNativeTarget "FirebaseMessenger" */ = {
			isa = XCConfigurationList;
			buildConfigurations = (
				ABF830672767907100D4655F /* Debug */,
				ABF830682767907100D4655F /* Release */,
			);
			defaultConfigurationIsVisible = 0;
			defaultConfigurationName = Release;
		};
		ABF830692767907100D4655F /* Build configuration list for PBXNativeTarget "FirebaseMessengerTests" */ = {
			isa = XCConfigurationList;
			buildConfigurations = (
				ABF8306A2767907100D4655F /* Debug */,
				ABF8306B2767907100D4655F /* Release */,
			);
			defaultConfigurationIsVisible = 0;
			defaultConfigurationName = Release;
		};
		ABF8306C2767907100D4655F /* Build configuration list for PBXNativeTarget "FirebaseMessengerUITests" */ = {
			isa = XCConfigurationList;
			buildConfigurations = (
				ABF8306D2767907100D4655F /* Debug */,
				ABF8306E2767907100D4655F /* Release */,
			);
			defaultConfigurationIsVisible = 0;
			defaultConfigurationName = Release;
		};
/* End XCConfigurationList section */
	};
	rootObject = ABF830342767906C00D4655F /* Project object */;
}
